
Microsoft Visual Studio Solution File, Format Version 12.00
# Visual Studio 15
VisualStudioVersion = 15.0.26430.16
MinimumVisualStudioVersion = 10.0.40219.1
Project("{FAE04EC0-301F-11D3-BF4B-00C04F79EFBC}") = "myPOSDemoApp", "myPOSDemoApp.csproj", "{7FCC029F-91CF-401B-B61B-D4E74B02E462}"
EndProject
Global
	GlobalSection(SolutionConfigurationPlatforms) = preSolution
		Debug|Any CPU = Debug|Any CPU
		Release|Any CPU = Release|Any CPU
	EndGlobalSection
	GlobalSection(ProjectConfigurationPlatforms) = postSolution
		{7FCC029F-91CF-401B-B61B-D4E74B02E462}.Debug|Any CPU.ActiveCfg = Debug|Any CPU
		{7FCC029F-91CF-401B-B61B-D4E74B02E462}.Debug|Any CPU.Build.0 = Debug|Any CPU
		{7FCC029F-91CF-401B-B61B-D4E74B02E462}.Release|Any CPU.ActiveCfg = Release|Any CPU
		{7FCC029F-91CF-401B-B61B-D4E74B02E462}.Release|Any CPU.Build.0 = Release|Any CPU
	EndGlobalSection
	GlobalSection(SolutionProperties) = preSolution
		HideSolutionNode = FALSE
	EndGlobalSection
	GlobalSection(ExtensibilityGlobals) = postSolution
		SolutionGuid = {8EA7B808-C9FE-4902-BE7D-08648DE5C8A5}
	EndGlobalSection
EndGlobal
